
Microsoft Visual Studio Solution File, Format Version 12.00
# Visual Studio Version 17
VisualStudioVersion = 17.0.31903.59
MinimumVisualStudioVersion = 10.0.40219.1
Project("{FAE04EC0-301F-11D3-BF4B-00C04F79EFBC}") = "EstateAgency.Domain", "EstateAgency.Domain\EstateAgency.Domain.csproj", "{653C39E7-C3FD-48AE-8EDD-6B70C47F2495}"
EndProject
Project("{FAE04EC0-301F-11D3-BF4B-00C04F79EFBC}") = "EstateAgency.Test", "EstateAgency.Test\EstateAgency.Test.csproj", "{C75546EA-03EA-4788-A14A-73874E199DD3}"
EndProject
Project("{FAE04EC0-301F-11D3-BF4B-00C04F79EFBC}") = "EstateAgency.Infrastructure", "EstateAgency.Infrastructure\EstateAgency.Infrastructure.csproj", "{D0963021-6FC3-450C-AE48-9F7DA953D934}"
EndProject
Project("{FAE04EC0-301F-11D3-BF4B-00C04F79EFBC}") = "EstateAgency.Application.Contracts", "EstateAgency.Application.Contracts\EstateAgency.Application.Contracts.csproj", "{B0731E9A-E2E9-4DB9-9F99-AD2B93FF5C4A}"
EndProject
Project("{FAE04EC0-301F-11D3-BF4B-00C04F79EFBC}") = "EstateAgency.Api", "EstateAgency.Api\EstateAgency.Api.csproj", "{DDCFEAB2-892D-4CE8-89D2-1BE44DA091BB}"
EndProject
Global
	GlobalSection(SolutionConfigurationPlatforms) = preSolution
		Debug|Any CPU = Debug|Any CPU
		Debug|x64 = Debug|x64
		Debug|x86 = Debug|x86
		Release|Any CPU = Release|Any CPU
		Release|x64 = Release|x64
		Release|x86 = Release|x86
	EndGlobalSection
	GlobalSection(ProjectConfigurationPlatforms) = postSolution
		{653C39E7-C3FD-48AE-8EDD-6B70C47F2495}.Debug|Any CPU.ActiveCfg = Debug|Any CPU
		{653C39E7-C3FD-48AE-8EDD-6B70C47F2495}.Debug|Any CPU.Build.0 = Debug|Any CPU
		{653C39E7-C3FD-48AE-8EDD-6B70C47F2495}.Debug|x64.ActiveCfg = Debug|Any CPU
		{653C39E7-C3FD-48AE-8EDD-6B70C47F2495}.Debug|x64.Build.0 = Debug|Any CPU
		{653C39E7-C3FD-48AE-8EDD-6B70C47F2495}.Debug|x86.ActiveCfg = Debug|Any CPU
		{653C39E7-C3FD-48AE-8EDD-6B70C47F2495}.Debug|x86.Build.0 = Debug|Any CPU
		{653C39E7-C3FD-48AE-8EDD-6B70C47F2495}.Release|Any CPU.ActiveCfg = Release|Any CPU
		{653C39E7-C3FD-48AE-8EDD-6B70C47F2495}.Release|Any CPU.Build.0 = Release|Any CPU
		{653C39E7-C3FD-48AE-8EDD-6B70C47F2495}.Release|x64.ActiveCfg = Release|Any CPU
		{653C39E7-C3FD-48AE-8EDD-6B70C47F2495}.Release|x64.Build.0 = Release|Any CPU
		{653C39E7-C3FD-48AE-8EDD-6B70C47F2495}.Release|x86.ActiveCfg = Release|Any CPU
		{653C39E7-C3FD-48AE-8EDD-6B70C47F2495}.Release|x86.Build.0 = Release|Any CPU
		{C75546EA-03EA-4788-A14A-73874E199DD3}.Debug|Any CPU.ActiveCfg = Debug|Any CPU
		{C75546EA-03EA-4788-A14A-73874E199DD3}.Debug|Any CPU.Build.0 = Debug|Any CPU
		{C75546EA-03EA-4788-A14A-73874E199DD3}.Debug|x64.ActiveCfg = Debug|Any CPU
		{C75546EA-03EA-4788-A14A-73874E199DD3}.Debug|x64.Build.0 = Debug|Any CPU
		{C75546EA-03EA-4788-A14A-73874E199DD3}.Debug|x86.ActiveCfg = Debug|Any CPU
		{C75546EA-03EA-4788-A14A-73874E199DD3}.Debug|x86.Build.0 = Debug|Any CPU
		{C75546EA-03EA-4788-A14A-73874E199DD3}.Release|Any CPU.ActiveCfg = Release|Any CPU
		{C75546EA-03EA-4788-A14A-73874E199DD3}.Release|Any CPU.Build.0 = Release|Any CPU
		{C75546EA-03EA-4788-A14A-73874E199DD3}.Release|x64.ActiveCfg = Release|Any CPU
		{C75546EA-03EA-4788-A14A-73874E199DD3}.Release|x64.Build.0 = Release|Any CPU
		{C75546EA-03EA-4788-A14A-73874E199DD3}.Release|x86.ActiveCfg = Release|Any CPU
		{C75546EA-03EA-4788-A14A-73874E199DD3}.Release|x86.Build.0 = Release|Any CPU
		{D0963021-6FC3-450C-AE48-9F7DA953D934}.Debug|Any CPU.ActiveCfg = Debug|Any CPU
		{D0963021-6FC3-450C-AE48-9F7DA953D934}.Debug|Any CPU.Build.0 = Debug|Any CPU
		{D0963021-6FC3-450C-AE48-9F7DA953D934}.Debug|x64.ActiveCfg = Debug|Any CPU
		{D0963021-6FC3-450C-AE48-9F7DA953D934}.Debug|x64.Build.0 = Debug|Any CPU
		{D0963021-6FC3-450C-AE48-9F7DA953D934}.Debug|x86.ActiveCfg = Debug|Any CPU
		{D0963021-6FC3-450C-AE48-9F7DA953D934}.Debug|x86.Build.0 = Debug|Any CPU
		{D0963021-6FC3-450C-AE48-9F7DA953D934}.Release|Any CPU.ActiveCfg = Release|Any CPU
		{D0963021-6FC3-450C-AE48-9F7DA953D934}.Release|Any CPU.Build.0 = Release|Any CPU
		{D0963021-6FC3-450C-AE48-9F7DA953D934}.Release|x64.ActiveCfg = Release|Any CPU
		{D0963021-6FC3-450C-AE48-9F7DA953D934}.Release|x64.Build.0 = Release|Any CPU
		{D0963021-6FC3-450C-AE48-9F7DA953D934}.Release|x86.ActiveCfg = Release|Any CPU
		{D0963021-6FC3-450C-AE48-9F7DA953D934}.Release|x86.Build.0 = Release|Any CPU
		{B0731E9A-E2E9-4DB9-9F99-AD2B93FF5C4A}.Debug|Any CPU.ActiveCfg = Debug|Any CPU
		{B0731E9A-E2E9-4DB9-9F99-AD2B93FF5C4A}.Debug|Any CPU.Build.0 = Debug|Any CPU
		{B0731E9A-E2E9-4DB9-9F99-AD2B93FF5C4A}.Debug|x64.ActiveCfg = Debug|Any CPU
		{B0731E9A-E2E9-4DB9-9F99-AD2B93FF5C4A}.Debug|x64.Build.0 = Debug|Any CPU
		{B0731E9A-E2E9-4DB9-9F99-AD2B93FF5C4A}.Debug|x86.ActiveCfg = Debug|Any CPU
		{B0731E9A-E2E9-4DB9-9F99-AD2B93FF5C4A}.Debug|x86.Build.0 = Debug|Any CPU
		{B0731E9A-E2E9-4DB9-9F99-AD2B93FF5C4A}.Release|Any CPU.ActiveCfg = Release|Any CPU
		{B0731E9A-E2E9-4DB9-9F99-AD2B93FF5C4A}.Release|Any CPU.Build.0 = Release|Any CPU
		{B0731E9A-E2E9-4DB9-9F99-AD2B93FF5C4A}.Release|x64.ActiveCfg = Release|Any CPU
		{B0731E9A-E2E9-4DB9-9F99-AD2B93FF5C4A}.Release|x64.Build.0 = Release|Any CPU
		{B0731E9A-E2E9-4DB9-9F99-AD2B93FF5C4A}.Release|x86.ActiveCfg = Release|Any CPU
		{B0731E9A-E2E9-4DB9-9F99-AD2B93FF5C4A}.Release|x86.Build.0 = Release|Any CPU
		{DDCFEAB2-892D-4CE8-89D2-1BE44DA091BB}.Debug|Any CPU.ActiveCfg = Debug|Any CPU
		{DDCFEAB2-892D-4CE8-89D2-1BE44DA091BB}.Debug|Any CPU.Build.0 = Debug|Any CPU
		{DDCFEAB2-892D-4CE8-89D2-1BE44DA091BB}.Debug|x64.ActiveCfg = Debug|Any CPU
		{DDCFEAB2-892D-4CE8-89D2-1BE44DA091BB}.Debug|x64.Build.0 = Debug|Any CPU
		{DDCFEAB2-892D-4CE8-89D2-1BE44DA091BB}.Debug|x86.ActiveCfg = Debug|Any CPU
		{DDCFEAB2-892D-4CE8-89D2-1BE44DA091BB}.Debug|x86.Build.0 = Debug|Any CPU
		{DDCFEAB2-892D-4CE8-89D2-1BE44DA091BB}.Release|Any CPU.ActiveCfg = Release|Any CPU
		{DDCFEAB2-892D-4CE8-89D2-1BE44DA091BB}.Release|Any CPU.Build.0 = Release|Any CPU
		{DDCFEAB2-892D-4CE8-89D2-1BE44DA091BB}.Release|x64.ActiveCfg = Release|Any CPU
		{DDCFEAB2-892D-4CE8-89D2-1BE44DA091BB}.Release|x64.Build.0 = Release|Any CPU
		{DDCFEAB2-892D-4CE8-89D2-1BE44DA091BB}.Release|x86.ActiveCfg = Release|Any CPU
		{DDCFEAB2-892D-4CE8-89D2-1BE44DA091BB}.Release|x86.Build.0 = Release|Any CPU
	EndGlobalSection
	GlobalSection(SolutionProperties) = preSolution
		HideSolutionNode = FALSE
	EndGlobalSection
	GlobalSection(ExtensibilityGlobals) = postSolution
		SolutionGuid = {36DE9713-ADBA-49C3-9F8F-B4B04F4C3A01}
	EndGlobalSection
EndGlobal
