
Microsoft Visual Studio Solution File, Format Version 12.00
# Visual Studio Version 17
VisualStudioVersion = 17.0.31903.59
MinimumVisualStudioVersion = 10.0.40219.1
Project("{FAE04EC0-301F-11D3-BF4B-00C04F79EFBC}") = "EstateAgency.Domain", "EstateAgency.Domain\EstateAgency.Domain.csproj", "{653C39E7-C3FD-48AE-8EDD-6B70C47F2495}"
EndProject
Project("{FAE04EC0-301F-11D3-BF4B-00C04F79EFBC}") = "EstateAgency.Test", "EstateAgency.Test\EstateAgency.Test.csproj", "{C75546EA-03EA-4788-A14A-73874E199DD3}"
EndProject
Project("{FAE04EC0-301F-11D3-BF4B-00C04F79EFBC}") = "EstateAgency.Infrastructure", "EstateAgency.Infrastructure\EstateAgency.Infrastructure.csproj", "{AC612959-718E-4B02-923B-4C04555D344E}"
EndProject
Project("{FAE04EC0-301F-11D3-BF4B-00C04F79EFBC}") = "EstateAgency.Application.Contracts", "EstateAgency.Application.Contracts\EstateAgency.Application.Contracts.csproj", "{CCAFFBFC-7AB4-4AEC-93BA-CEFFAF854369}"
EndProject
Project("{FAE04EC0-301F-11D3-BF4B-00C04F79EFBC}") = "EstateAgency.Api", "EstateAgency.Api\EstateAgency.Api.csproj", "{38B18282-E4A5-4E22-B438-2428859D8321}"
EndProject
Project("{FAE04EC0-301F-11D3-BF4B-00C04F79EFBC}") = "EstateAgency.AppHost", "EstateAgency.AppHost\EstateAgency.AppHost.csproj", "{96E23CFB-51AD-4A18-9FA6-260A286BCD93}"
EndProject
Project("{FAE04EC0-301F-11D3-BF4B-00C04F79EFBC}") = "EstateAgency.ServiceDefaults", "EstateAgency.ServiceDefaults\EstateAgency.ServiceDefaults.csproj", "{537E4AFC-C12D-862A-4887-FDA46A35C012}"
EndProject
Project("{FAE04EC0-301F-11D3-BF4B-00C04F79EFBC}") = "EstateAgency.Kafka", "EstateAgency.Kafka\EstateAgency.Kafka.csproj", "{973069B9-D29A-1A7C-E333-3AB2116BE714}"
EndProject
Global
	GlobalSection(SolutionConfigurationPlatforms) = preSolution
		Debug|Any CPU = Debug|Any CPU
		Debug|x64 = Debug|x64
		Debug|x86 = Debug|x86
		Release|Any CPU = Release|Any CPU
		Release|x64 = Release|x64
		Release|x86 = Release|x86
	EndGlobalSection
	GlobalSection(ProjectConfigurationPlatforms) = postSolution
		{653C39E7-C3FD-48AE-8EDD-6B70C47F2495}.Debug|Any CPU.ActiveCfg = Debug|Any CPU
		{653C39E7-C3FD-48AE-8EDD-6B70C47F2495}.Debug|Any CPU.Build.0 = Debug|Any CPU
		{653C39E7-C3FD-48AE-8EDD-6B70C47F2495}.Debug|x64.ActiveCfg = Debug|Any CPU
		{653C39E7-C3FD-48AE-8EDD-6B70C47F2495}.Debug|x64.Build.0 = Debug|Any CPU
		{653C39E7-C3FD-48AE-8EDD-6B70C47F2495}.Debug|x86.ActiveCfg = Debug|Any CPU
		{653C39E7-C3FD-48AE-8EDD-6B70C47F2495}.Debug|x86.Build.0 = Debug|Any CPU
		{653C39E7-C3FD-48AE-8EDD-6B70C47F2495}.Release|Any CPU.ActiveCfg = Release|Any CPU
		{653C39E7-C3FD-48AE-8EDD-6B70C47F2495}.Release|Any CPU.Build.0 = Release|Any CPU
		{653C39E7-C3FD-48AE-8EDD-6B70C47F2495}.Release|x64.ActiveCfg = Release|Any CPU
		{653C39E7-C3FD-48AE-8EDD-6B70C47F2495}.Release|x64.Build.0 = Release|Any CPU
		{653C39E7-C3FD-48AE-8EDD-6B70C47F2495}.Release|x86.ActiveCfg = Release|Any CPU
		{653C39E7-C3FD-48AE-8EDD-6B70C47F2495}.Release|x86.Build.0 = Release|Any CPU
		{C75546EA-03EA-4788-A14A-73874E199DD3}.Debug|Any CPU.ActiveCfg = Debug|Any CPU
		{C75546EA-03EA-4788-A14A-73874E199DD3}.Debug|Any CPU.Build.0 = Debug|Any CPU
		{C75546EA-03EA-4788-A14A-73874E199DD3}.Debug|x64.ActiveCfg = Debug|Any CPU
		{C75546EA-03EA-4788-A14A-73874E199DD3}.Debug|x64.Build.0 = Debug|Any CPU
		{C75546EA-03EA-4788-A14A-73874E199DD3}.Debug|x86.ActiveCfg = Debug|Any CPU
		{C75546EA-03EA-4788-A14A-73874E199DD3}.Debug|x86.Build.0 = Debug|Any CPU
		{C75546EA-03EA-4788-A14A-73874E199DD3}.Release|Any CPU.ActiveCfg = Release|Any CPU
		{C75546EA-03EA-4788-A14A-73874E199DD3}.Release|Any CPU.Build.0 = Release|Any CPU
		{C75546EA-03EA-4788-A14A-73874E199DD3}.Release|x64.ActiveCfg = Release|Any CPU
		{C75546EA-03EA-4788-A14A-73874E199DD3}.Release|x64.Build.0 = Release|Any CPU
		{C75546EA-03EA-4788-A14A-73874E199DD3}.Release|x86.ActiveCfg = Release|Any CPU
		{C75546EA-03EA-4788-A14A-73874E199DD3}.Release|x86.Build.0 = Release|Any CPU
		{AC612959-718E-4B02-923B-4C04555D344E}.Debug|Any CPU.ActiveCfg = Debug|Any CPU
		{AC612959-718E-4B02-923B-4C04555D344E}.Debug|Any CPU.Build.0 = Debug|Any CPU
		{AC612959-718E-4B02-923B-4C04555D344E}.Debug|x64.ActiveCfg = Debug|Any CPU
		{AC612959-718E-4B02-923B-4C04555D344E}.Debug|x64.Build.0 = Debug|Any CPU
		{AC612959-718E-4B02-923B-4C04555D344E}.Debug|x86.ActiveCfg = Debug|Any CPU
		{AC612959-718E-4B02-923B-4C04555D344E}.Debug|x86.Build.0 = Debug|Any CPU
		{AC612959-718E-4B02-923B-4C04555D344E}.Release|Any CPU.ActiveCfg = Release|Any CPU
		{AC612959-718E-4B02-923B-4C04555D344E}.Release|Any CPU.Build.0 = Release|Any CPU
		{AC612959-718E-4B02-923B-4C04555D344E}.Release|x64.ActiveCfg = Release|Any CPU
		{AC612959-718E-4B02-923B-4C04555D344E}.Release|x64.Build.0 = Release|Any CPU
		{AC612959-718E-4B02-923B-4C04555D344E}.Release|x86.ActiveCfg = Release|Any CPU
		{AC612959-718E-4B02-923B-4C04555D344E}.Release|x86.Build.0 = Release|Any CPU
		{CCAFFBFC-7AB4-4AEC-93BA-CEFFAF854369}.Debug|Any CPU.ActiveCfg = Debug|Any CPU
		{CCAFFBFC-7AB4-4AEC-93BA-CEFFAF854369}.Debug|Any CPU.Build.0 = Debug|Any CPU
		{CCAFFBFC-7AB4-4AEC-93BA-CEFFAF854369}.Debug|x64.ActiveCfg = Debug|Any CPU
		{CCAFFBFC-7AB4-4AEC-93BA-CEFFAF854369}.Debug|x64.Build.0 = Debug|Any CPU
		{CCAFFBFC-7AB4-4AEC-93BA-CEFFAF854369}.Debug|x86.ActiveCfg = Debug|Any CPU
		{CCAFFBFC-7AB4-4AEC-93BA-CEFFAF854369}.Debug|x86.Build.0 = Debug|Any CPU
		{CCAFFBFC-7AB4-4AEC-93BA-CEFFAF854369}.Release|Any CPU.ActiveCfg = Release|Any CPU
		{CCAFFBFC-7AB4-4AEC-93BA-CEFFAF854369}.Release|Any CPU.Build.0 = Release|Any CPU
		{CCAFFBFC-7AB4-4AEC-93BA-CEFFAF854369}.Release|x64.ActiveCfg = Release|Any CPU
		{CCAFFBFC-7AB4-4AEC-93BA-CEFFAF854369}.Release|x64.Build.0 = Release|Any CPU
		{CCAFFBFC-7AB4-4AEC-93BA-CEFFAF854369}.Release|x86.ActiveCfg = Release|Any CPU
		{CCAFFBFC-7AB4-4AEC-93BA-CEFFAF854369}.Release|x86.Build.0 = Release|Any CPU
		{38B18282-E4A5-4E22-B438-2428859D8321}.Debug|Any CPU.ActiveCfg = Debug|Any CPU
		{38B18282-E4A5-4E22-B438-2428859D8321}.Debug|Any CPU.Build.0 = Debug|Any CPU
		{38B18282-E4A5-4E22-B438-2428859D8321}.Debug|x64.ActiveCfg = Debug|Any CPU
		{38B18282-E4A5-4E22-B438-2428859D8321}.Debug|x64.Build.0 = Debug|Any CPU
		{38B18282-E4A5-4E22-B438-2428859D8321}.Debug|x86.ActiveCfg = Debug|Any CPU
		{38B18282-E4A5-4E22-B438-2428859D8321}.Debug|x86.Build.0 = Debug|Any CPU
		{38B18282-E4A5-4E22-B438-2428859D8321}.Release|Any CPU.ActiveCfg = Release|Any CPU
		{38B18282-E4A5-4E22-B438-2428859D8321}.Release|Any CPU.Build.0 = Release|Any CPU
		{38B18282-E4A5-4E22-B438-2428859D8321}.Release|x64.ActiveCfg = Release|Any CPU
		{38B18282-E4A5-4E22-B438-2428859D8321}.Release|x64.Build.0 = Release|Any CPU
		{38B18282-E4A5-4E22-B438-2428859D8321}.Release|x86.ActiveCfg = Release|Any CPU
		{38B18282-E4A5-4E22-B438-2428859D8321}.Release|x86.Build.0 = Release|Any CPU
		{96E23CFB-51AD-4A18-9FA6-260A286BCD93}.Debug|Any CPU.ActiveCfg = Debug|Any CPU
		{96E23CFB-51AD-4A18-9FA6-260A286BCD93}.Debug|Any CPU.Build.0 = Debug|Any CPU
		{96E23CFB-51AD-4A18-9FA6-260A286BCD93}.Debug|x64.ActiveCfg = Debug|Any CPU
		{96E23CFB-51AD-4A18-9FA6-260A286BCD93}.Debug|x64.Build.0 = Debug|Any CPU
		{96E23CFB-51AD-4A18-9FA6-260A286BCD93}.Debug|x86.ActiveCfg = Debug|Any CPU
		{96E23CFB-51AD-4A18-9FA6-260A286BCD93}.Debug|x86.Build.0 = Debug|Any CPU
		{96E23CFB-51AD-4A18-9FA6-260A286BCD93}.Release|Any CPU.ActiveCfg = Release|Any CPU
		{96E23CFB-51AD-4A18-9FA6-260A286BCD93}.Release|Any CPU.Build.0 = Release|Any CPU
		{96E23CFB-51AD-4A18-9FA6-260A286BCD93}.Release|x64.ActiveCfg = Release|Any CPU
		{96E23CFB-51AD-4A18-9FA6-260A286BCD93}.Release|x64.Build.0 = Release|Any CPU
		{96E23CFB-51AD-4A18-9FA6-260A286BCD93}.Release|x86.ActiveCfg = Release|Any CPU
		{96E23CFB-51AD-4A18-9FA6-260A286BCD93}.Release|x86.Build.0 = Release|Any CPU
		{537E4AFC-C12D-862A-4887-FDA46A35C012}.Debug|Any CPU.ActiveCfg = Debug|Any CPU
		{537E4AFC-C12D-862A-4887-FDA46A35C012}.Debug|Any CPU.Build.0 = Debug|Any CPU
		{537E4AFC-C12D-862A-4887-FDA46A35C012}.Debug|x64.ActiveCfg = Debug|Any CPU
		{537E4AFC-C12D-862A-4887-FDA46A35C012}.Debug|x64.Build.0 = Debug|Any CPU
		{537E4AFC-C12D-862A-4887-FDA46A35C012}.Debug|x86.ActiveCfg = Debug|Any CPU
		{537E4AFC-C12D-862A-4887-FDA46A35C012}.Debug|x86.Build.0 = Debug|Any CPU
		{537E4AFC-C12D-862A-4887-FDA46A35C012}.Release|Any CPU.ActiveCfg = Release|Any CPU
		{537E4AFC-C12D-862A-4887-FDA46A35C012}.Release|Any CPU.Build.0 = Release|Any CPU
		{537E4AFC-C12D-862A-4887-FDA46A35C012}.Release|x64.ActiveCfg = Release|Any CPU
		{537E4AFC-C12D-862A-4887-FDA46A35C012}.Release|x64.Build.0 = Release|Any CPU
		{537E4AFC-C12D-862A-4887-FDA46A35C012}.Release|x86.ActiveCfg = Release|Any CPU
		{537E4AFC-C12D-862A-4887-FDA46A35C012}.Release|x86.Build.0 = Release|Any CPU
		{973069B9-D29A-1A7C-E333-3AB2116BE714}.Debug|Any CPU.ActiveCfg = Debug|Any CPU
		{973069B9-D29A-1A7C-E333-3AB2116BE714}.Debug|Any CPU.Build.0 = Debug|Any CPU
		{973069B9-D29A-1A7C-E333-3AB2116BE714}.Debug|x64.ActiveCfg = Debug|Any CPU
		{973069B9-D29A-1A7C-E333-3AB2116BE714}.Debug|x64.Build.0 = Debug|Any CPU
		{973069B9-D29A-1A7C-E333-3AB2116BE714}.Debug|x86.ActiveCfg = Debug|Any CPU
		{973069B9-D29A-1A7C-E333-3AB2116BE714}.Debug|x86.Build.0 = Debug|Any CPU
		{973069B9-D29A-1A7C-E333-3AB2116BE714}.Release|Any CPU.ActiveCfg = Release|Any CPU
		{973069B9-D29A-1A7C-E333-3AB2116BE714}.Release|Any CPU.Build.0 = Release|Any CPU
		{973069B9-D29A-1A7C-E333-3AB2116BE714}.Release|x64.ActiveCfg = Release|Any CPU
		{973069B9-D29A-1A7C-E333-3AB2116BE714}.Release|x64.Build.0 = Release|Any CPU
		{973069B9-D29A-1A7C-E333-3AB2116BE714}.Release|x86.ActiveCfg = Release|Any CPU
		{973069B9-D29A-1A7C-E333-3AB2116BE714}.Release|x86.Build.0 = Release|Any CPU
	EndGlobalSection
	GlobalSection(SolutionProperties) = preSolution
		HideSolutionNode = FALSE
	EndGlobalSection
	GlobalSection(ExtensibilityGlobals) = postSolution
		SolutionGuid = {D917EAFB-1F67-49BB-868E-AF4ED312F3D7}
	EndGlobalSection
EndGlobal
